{
  "nodes": {
    "nixpkgs": {
      "locked": {
        "lastModified": 1673374968,
        "narHash": "sha256-ZIBNfGfGLKx2adMxfw6jPNmeWYE+wZSWsqTAz7fRakI=",
        "owner": "nyantec",
        "repo": "nixpkgs",
        "rev": "4dac5001ca16cfbc4225d79813cad243ee7f37f1",
        "type": "github"
      },
      "original": {
        "owner": "nyantec",
        "ref": "release-22.11",
        "repo": "nixpkgs",
        "type": "github"
      }
    },
    "root": {
      "inputs": {
        "nixpkgs": "nixpkgs"
      }
    }
  },
  "root": "root",
  "version": 7
}
