{
  "nodes": {
    "nixpkgs": {
      "locked": {
        "lastModified": 1687254173,
        "narHash": "sha256-0aqawK5KoB7S5hxv7eNx7jy3b74wfMxy+o1j2WJx4Gw=",
        "owner": "NixOS",
        "repo": "nixpkgs",
        "rev": "c37fe2b6b91a94e2f9d782b0feb706031d7d5868",
        "type": "github"
      },
      "original": {
        "owner": "nixos",
        "ref": "release-23.05",
        "repo": "nixpkgs",
        "type": "github"
      }
    },
    "root": {
      "inputs": {
        "nixpkgs": "nixpkgs"
      }
    }
  },
  "root": "root",
  "version": 7
}
