{
  "nodes": {
    "nixpkgs": {
      "locked": {
        "lastModified": 1671552896,
        "narHash": "sha256-Q84z1NZqmIXL+0nEPS4/WOlGFL/pt7z+bEJ/wWDEEGg=",
        "owner": "nyantec",
        "repo": "nixpkgs",
        "rev": "0a462d28588ba16f412734f4043a9d883d5b7a7b",
        "type": "github"
      },
      "original": {
        "owner": "nyantec",
        "ref": "release-22.11",
        "repo": "nixpkgs",
        "type": "github"
      }
    },
    "root": {
      "inputs": {
        "nixpkgs": "nixpkgs"
      }
    }
  },
  "root": "root",
  "version": 7
}
